
Microsoft Visual Studio Solution File, Format Version 12.00
# Visual Studio Version 17
VisualStudioVersion = 17.11.35312.102
MinimumVisualStudioVersion = 10.0.40219.1
Project("{9A19103F-16F7-4668-BE54-9A1E7A4F7556}") = "Proyecto01", "Proyecto01\Proyecto01.csproj", "{636D9FAF-629F-4DC9-9C37-A4295715F176}"
EndProject
Project("{9A19103F-16F7-4668-BE54-9A1E7A4F7556}") = "Proyecto02", "Proyecto02\Proyecto02.csproj", "{61F72146-98B8-43F1-A933-E09052BE6AF4}"
EndProject
Project("{2150E333-8FDC-42A3-9474-1A3956D46DE8}") = "Solution Items", "Solution Items", "{194FB267-67B3-4466-947A-BB59B14D6EC3}"
	ProjectSection(SolutionItems) = preProject
		README.md = README.md
	EndProjectSection
EndProject
Project("{9A19103F-16F7-4668-BE54-9A1E7A4F7556}") = "Proyecto03", "Proyecto03\Proyecto03.csproj", "{BD8E0881-5850-479D-A57D-ED309F261757}"
EndProject
Project("{9A19103F-16F7-4668-BE54-9A1E7A4F7556}") = "Proyecto04", "Proyecto04\Proyecto04.csproj", "{F459AA54-3AB4-4556-B5B7-3FA20DBE05FB}"
EndProject
Project("{FAE04EC0-301F-11D3-BF4B-00C04F79EFBC}") = "Proyecto05", "Proyecto05\Proyecto05.csproj", "{4C92CE17-4F70-4AEF-82A1-E909F0A0BCEA}"
EndProject
Global
	GlobalSection(SolutionConfigurationPlatforms) = preSolution
		Debug|Any CPU = Debug|Any CPU
		Release|Any CPU = Release|Any CPU
	EndGlobalSection
	GlobalSection(ProjectConfigurationPlatforms) = postSolution
		{636D9FAF-629F-4DC9-9C37-A4295715F176}.Debug|Any CPU.ActiveCfg = Debug|Any CPU
		{636D9FAF-629F-4DC9-9C37-A4295715F176}.Debug|Any CPU.Build.0 = Debug|Any CPU
		{636D9FAF-629F-4DC9-9C37-A4295715F176}.Release|Any CPU.ActiveCfg = Release|Any CPU
		{636D9FAF-629F-4DC9-9C37-A4295715F176}.Release|Any CPU.Build.0 = Release|Any CPU
		{61F72146-98B8-43F1-A933-E09052BE6AF4}.Debug|Any CPU.ActiveCfg = Debug|Any CPU
		{61F72146-98B8-43F1-A933-E09052BE6AF4}.Debug|Any CPU.Build.0 = Debug|Any CPU
		{61F72146-98B8-43F1-A933-E09052BE6AF4}.Release|Any CPU.ActiveCfg = Release|Any CPU
		{61F72146-98B8-43F1-A933-E09052BE6AF4}.Release|Any CPU.Build.0 = Release|Any CPU
		{BD8E0881-5850-479D-A57D-ED309F261757}.Debug|Any CPU.ActiveCfg = Debug|Any CPU
		{BD8E0881-5850-479D-A57D-ED309F261757}.Debug|Any CPU.Build.0 = Debug|Any CPU
		{BD8E0881-5850-479D-A57D-ED309F261757}.Release|Any CPU.ActiveCfg = Release|Any CPU
		{BD8E0881-5850-479D-A57D-ED309F261757}.Release|Any CPU.Build.0 = Release|Any CPU
		{F459AA54-3AB4-4556-B5B7-3FA20DBE05FB}.Debug|Any CPU.ActiveCfg = Debug|Any CPU
		{F459AA54-3AB4-4556-B5B7-3FA20DBE05FB}.Debug|Any CPU.Build.0 = Debug|Any CPU
		{F459AA54-3AB4-4556-B5B7-3FA20DBE05FB}.Release|Any CPU.ActiveCfg = Release|Any CPU
		{F459AA54-3AB4-4556-B5B7-3FA20DBE05FB}.Release|Any CPU.Build.0 = Release|Any CPU
		{4C92CE17-4F70-4AEF-82A1-E909F0A0BCEA}.Debug|Any CPU.ActiveCfg = Debug|Any CPU
		{4C92CE17-4F70-4AEF-82A1-E909F0A0BCEA}.Debug|Any CPU.Build.0 = Debug|Any CPU
		{4C92CE17-4F70-4AEF-82A1-E909F0A0BCEA}.Release|Any CPU.ActiveCfg = Release|Any CPU
		{4C92CE17-4F70-4AEF-82A1-E909F0A0BCEA}.Release|Any CPU.Build.0 = Release|Any CPU
	EndGlobalSection
	GlobalSection(SolutionProperties) = preSolution
		HideSolutionNode = FALSE
	EndGlobalSection
	GlobalSection(ExtensibilityGlobals) = postSolution
		SolutionGuid = {C02FDE3D-67A5-40DA-93C2-1851F9D55090}
	EndGlobalSection
EndGlobal
